// !$*UTF8*$!
{
	archiveVersion = 1;
	classes = {
	};
	objectVersion = 55;
	objects = {

/* Begin PBXBuildFile section */
		1F1297DA249237CF6910C770 /* Pods_MessengerTests.framework in Frameworks */ = {isa = PBXBuildFile; fileRef = C990C6DB1F5A0803E0D655D6 /* Pods_MessengerTests.framework */; };
		46DA310A75DFFE26BF2B09BF /* Pods_Messenger_MessengerUITests.framework in Frameworks */ = {isa = PBXBuildFile; fileRef = 6C26EE78280AAAB56E9ABEC9 /* Pods_Messenger_MessengerUITests.framework */; };
		85A949A2DBD16A7D251050E3 /* Pods_Messenger.framework in Frameworks */ = {isa = PBXBuildFile; fileRef = 865228EA862AB863A855C602 /* Pods_Messenger.framework */; };
		C35626FD2735EC79009E5AA0 /* ChatViewController.swift in Sources */ = {isa = PBXBuildFile; fileRef = C35626FC2735EC79009E5AA0 /* ChatViewController.swift */; };
		C3562700273609FA009E5AA0 /* MessageKit in Frameworks */ = {isa = PBXBuildFile; productRef = C35626FF273609FA009E5AA0 /* MessageKit */; };
		C356270327360B9E009E5AA0 /* InputBarAccessoryView in Frameworks */ = {isa = PBXBuildFile; productRef = C356270227360B9E009E5AA0 /* InputBarAccessoryView */; };
		C35F1E562729456F003C1A93 /* AppDelegate.swift in Sources */ = {isa = PBXBuildFile; fileRef = C35F1E552729456F003C1A93 /* AppDelegate.swift */; };
		C35F1E582729456F003C1A93 /* SceneDelegate.swift in Sources */ = {isa = PBXBuildFile; fileRef = C35F1E572729456F003C1A93 /* SceneDelegate.swift */; };
		C35F1E5D2729456F003C1A93 /* Main.storyboard in Resources */ = {isa = PBXBuildFile; fileRef = C35F1E5B2729456F003C1A93 /* Main.storyboard */; };
		C35F1E5F27294570003C1A93 /* Assets.xcassets in Resources */ = {isa = PBXBuildFile; fileRef = C35F1E5E27294570003C1A93 /* Assets.xcassets */; };
		C35F1E6227294570003C1A93 /* LaunchScreen.storyboard in Resources */ = {isa = PBXBuildFile; fileRef = C35F1E6027294570003C1A93 /* LaunchScreen.storyboard */; };
		C35F1E6D27294570003C1A93 /* MessengerTests.swift in Sources */ = {isa = PBXBuildFile; fileRef = C35F1E6C27294570003C1A93 /* MessengerTests.swift */; };
		C35F1E7727294570003C1A93 /* MessengerUITests.swift in Sources */ = {isa = PBXBuildFile; fileRef = C35F1E7627294570003C1A93 /* MessengerUITests.swift */; };
		C35F1E7927294570003C1A93 /* MessengerUITestsLaunchTests.swift in Sources */ = {isa = PBXBuildFile; fileRef = C35F1E7827294570003C1A93 /* MessengerUITestsLaunchTests.swift */; };
		C35F1E8727296870003C1A93 /* Extentions.swift in Sources */ = {isa = PBXBuildFile; fileRef = C35F1E8627296870003C1A93 /* Extentions.swift */; };
		C35F1E8D27297B65003C1A93 /* ConversationsViewController.swift in Sources */ = {isa = PBXBuildFile; fileRef = C35F1E8C27297B65003C1A93 /* ConversationsViewController.swift */; };
		C35F1E9227297C27003C1A93 /* NewConversationViewController.swift in Sources */ = {isa = PBXBuildFile; fileRef = C35F1E9127297C27003C1A93 /* NewConversationViewController.swift */; };
		C35F1E9427297C4E003C1A93 /* ProfileViewController.swift in Sources */ = {isa = PBXBuildFile; fileRef = C35F1E9327297C4E003C1A93 /* ProfileViewController.swift */; };
		C35F1E962729D561003C1A93 /* RegisterViewController.swift in Sources */ = {isa = PBXBuildFile; fileRef = C35F1E8E27297BA0003C1A93 /* RegisterViewController.swift */; };
		C35F1E982729E691003C1A93 /* LoginViewController.swift in Sources */ = {isa = PBXBuildFile; fileRef = C35F1E972729E691003C1A93 /* LoginViewController.swift */; };
		C3BC6E41273413D600D2088E /* JGProgressHUD in Frameworks */ = {isa = PBXBuildFile; productRef = C3BC6E40273413D600D2088E /* JGProgressHUD */; };
		C3E599762730B3E000EC9E69 /* DatabaseManager.swift in Sources */ = {isa = PBXBuildFile; fileRef = C3E599752730B3E000EC9E69 /* DatabaseManager.swift */; };
		C3EB863A273158FD00A8B930 /* GoogleService-Info.plist in Resources */ = {isa = PBXBuildFile; fileRef = C3EB8639273158FD00A8B930 /* GoogleService-Info.plist */; };
/* End PBXBuildFile section */

/* Begin PBXContainerItemProxy section */
		C35F1E6927294570003C1A93 /* PBXContainerItemProxy */ = {
			isa = PBXContainerItemProxy;
			containerPortal = C35F1E4A2729456F003C1A93 /* Project object */;
			proxyType = 1;
			remoteGlobalIDString = C35F1E512729456F003C1A93;
			remoteInfo = Messenger;
		};
		C35F1E7327294570003C1A93 /* PBXContainerItemProxy */ = {
			isa = PBXContainerItemProxy;
			containerPortal = C35F1E4A2729456F003C1A93 /* Project object */;
			proxyType = 1;
			remoteGlobalIDString = C35F1E512729456F003C1A93;
			remoteInfo = Messenger;
		};
/* End PBXContainerItemProxy section */

/* Begin PBXFileReference section */
		107E47A27BF792D8B63336EB /* Pods-MessengerTests.release.xcconfig */ = {isa = PBXFileReference; includeInIndex = 1; lastKnownFileType = text.xcconfig; name = "Pods-MessengerTests.release.xcconfig"; path = "Target Support Files/Pods-MessengerTests/Pods-MessengerTests.release.xcconfig"; sourceTree = "<group>"; };
		237E837D975980A82D9BE745 /* Pods-Messenger-MessengerUITests.release.xcconfig */ = {isa = PBXFileReference; includeInIndex = 1; lastKnownFileType = text.xcconfig; name = "Pods-Messenger-MessengerUITests.release.xcconfig"; path = "Target Support Files/Pods-Messenger-MessengerUITests/Pods-Messenger-MessengerUITests.release.xcconfig"; sourceTree = "<group>"; };
		6C26EE78280AAAB56E9ABEC9 /* Pods_Messenger_MessengerUITests.framework */ = {isa = PBXFileReference; explicitFileType = wrapper.framework; includeInIndex = 0; path = Pods_Messenger_MessengerUITests.framework; sourceTree = BUILT_PRODUCTS_DIR; };
		865228EA862AB863A855C602 /* Pods_Messenger.framework */ = {isa = PBXFileReference; explicitFileType = wrapper.framework; includeInIndex = 0; path = Pods_Messenger.framework; sourceTree = BUILT_PRODUCTS_DIR; };
		ACB8703B0404857BCF02ADE4 /* Pods-MessengerTests.debug.xcconfig */ = {isa = PBXFileReference; includeInIndex = 1; lastKnownFileType = text.xcconfig; name = "Pods-MessengerTests.debug.xcconfig"; path = "Target Support Files/Pods-MessengerTests/Pods-MessengerTests.debug.xcconfig"; sourceTree = "<group>"; };
		C35626FC2735EC79009E5AA0 /* ChatViewController.swift */ = {isa = PBXFileReference; lastKnownFileType = sourcecode.swift; path = ChatViewController.swift; sourceTree = "<group>"; };
		C35F1E522729456F003C1A93 /* Messenger.app */ = {isa = PBXFileReference; explicitFileType = wrapper.application; includeInIndex = 0; path = Messenger.app; sourceTree = BUILT_PRODUCTS_DIR; };
		C35F1E552729456F003C1A93 /* AppDelegate.swift */ = {isa = PBXFileReference; lastKnownFileType = sourcecode.swift; path = AppDelegate.swift; sourceTree = "<group>"; };
		C35F1E572729456F003C1A93 /* SceneDelegate.swift */ = {isa = PBXFileReference; lastKnownFileType = sourcecode.swift; path = SceneDelegate.swift; sourceTree = "<group>"; };
		C35F1E5C2729456F003C1A93 /* Base */ = {isa = PBXFileReference; lastKnownFileType = file.storyboard; name = Base; path = Base.lproj/Main.storyboard; sourceTree = "<group>"; };
		C35F1E5E27294570003C1A93 /* Assets.xcassets */ = {isa = PBXFileReference; lastKnownFileType = folder.assetcatalog; path = Assets.xcassets; sourceTree = "<group>"; };
		C35F1E6127294570003C1A93 /* Base */ = {isa = PBXFileReference; lastKnownFileType = file.storyboard; name = Base; path = Base.lproj/LaunchScreen.storyboard; sourceTree = "<group>"; };
		C35F1E6327294570003C1A93 /* Info.plist */ = {isa = PBXFileReference; lastKnownFileType = text.plist.xml; path = Info.plist; sourceTree = "<group>"; };
		C35F1E6827294570003C1A93 /* MessengerTests.xctest */ = {isa = PBXFileReference; explicitFileType = wrapper.cfbundle; includeInIndex = 0; path = MessengerTests.xctest; sourceTree = BUILT_PRODUCTS_DIR; };
		C35F1E6C27294570003C1A93 /* MessengerTests.swift */ = {isa = PBXFileReference; lastKnownFileType = sourcecode.swift; path = MessengerTests.swift; sourceTree = "<group>"; };
		C35F1E7227294570003C1A93 /* MessengerUITests.xctest */ = {isa = PBXFileReference; explicitFileType = wrapper.cfbundle; includeInIndex = 0; path = MessengerUITests.xctest; sourceTree = BUILT_PRODUCTS_DIR; };
		C35F1E7627294570003C1A93 /* MessengerUITests.swift */ = {isa = PBXFileReference; lastKnownFileType = sourcecode.swift; path = MessengerUITests.swift; sourceTree = "<group>"; };
		C35F1E7827294570003C1A93 /* MessengerUITestsLaunchTests.swift */ = {isa = PBXFileReference; lastKnownFileType = sourcecode.swift; path = MessengerUITestsLaunchTests.swift; sourceTree = "<group>"; };
		C35F1E8627296870003C1A93 /* Extentions.swift */ = {isa = PBXFileReference; lastKnownFileType = sourcecode.swift; path = Extentions.swift; sourceTree = "<group>"; };
		C35F1E8C27297B65003C1A93 /* ConversationsViewController.swift */ = {isa = PBXFileReference; lastKnownFileType = sourcecode.swift; path = ConversationsViewController.swift; sourceTree = "<group>"; };
		C35F1E8E27297BA0003C1A93 /* RegisterViewController.swift */ = {isa = PBXFileReference; lastKnownFileType = sourcecode.swift; path = RegisterViewController.swift; sourceTree = "<group>"; };
		C35F1E9127297C27003C1A93 /* NewConversationViewController.swift */ = {isa = PBXFileReference; lastKnownFileType = sourcecode.swift; path = NewConversationViewController.swift; sourceTree = "<group>"; };
		C35F1E9327297C4E003C1A93 /* ProfileViewController.swift */ = {isa = PBXFileReference; lastKnownFileType = sourcecode.swift; path = ProfileViewController.swift; sourceTree = "<group>"; };
		C35F1E972729E691003C1A93 /* LoginViewController.swift */ = {isa = PBXFileReference; lastKnownFileType = sourcecode.swift; path = LoginViewController.swift; sourceTree = "<group>"; };
		C3E599752730B3E000EC9E69 /* DatabaseManager.swift */ = {isa = PBXFileReference; lastKnownFileType = sourcecode.swift; path = DatabaseManager.swift; sourceTree = "<group>"; };
		C3EB8639273158FD00A8B930 /* GoogleService-Info.plist */ = {isa = PBXFileReference; fileEncoding = 4; lastKnownFileType = text.plist.xml; name = "GoogleService-Info.plist"; path = "../../../Downloads/GoogleService-Info.plist"; sourceTree = "<group>"; };
		C632600203D3C6F9D835DA95 /* Pods-Messenger-MessengerUITests.debug.xcconfig */ = {isa = PBXFileReference; includeInIndex = 1; lastKnownFileType = text.xcconfig; name = "Pods-Messenger-MessengerUITests.debug.xcconfig"; path = "Target Support Files/Pods-Messenger-MessengerUITests/Pods-Messenger-MessengerUITests.debug.xcconfig"; sourceTree = "<group>"; };
		C990C6DB1F5A0803E0D655D6 /* Pods_MessengerTests.framework */ = {isa = PBXFileReference; explicitFileType = wrapper.framework; includeInIndex = 0; path = Pods_MessengerTests.framework; sourceTree = BUILT_PRODUCTS_DIR; };
		D5EB2B8AEEF261AD0F86F804 /* Pods-Messenger.debug.xcconfig */ = {isa = PBXFileReference; includeInIndex = 1; lastKnownFileType = text.xcconfig; name = "Pods-Messenger.debug.xcconfig"; path = "Target Support Files/Pods-Messenger/Pods-Messenger.debug.xcconfig"; sourceTree = "<group>"; };
		E922BAF0C239CD5282E269D2 /* Pods-Messenger.release.xcconfig */ = {isa = PBXFileReference; includeInIndex = 1; lastKnownFileType = text.xcconfig; name = "Pods-Messenger.release.xcconfig"; path = "Target Support Files/Pods-Messenger/Pods-Messenger.release.xcconfig"; sourceTree = "<group>"; };
/* End PBXFileReference section */

/* Begin PBXFrameworksBuildPhase section */
		C35F1E4F2729456F003C1A93 /* Frameworks */ = {
			isa = PBXFrameworksBuildPhase;
			buildActionMask = 2147483647;
			files = (
				C3562700273609FA009E5AA0 /* MessageKit in Frameworks */,
				C356270327360B9E009E5AA0 /* InputBarAccessoryView in Frameworks */,
				C3BC6E41273413D600D2088E /* JGProgressHUD in Frameworks */,
				85A949A2DBD16A7D251050E3 /* Pods_Messenger.framework in Frameworks */,
			);
			runOnlyForDeploymentPostprocessing = 0;
		};
		C35F1E6527294570003C1A93 /* Frameworks */ = {
			isa = PBXFrameworksBuildPhase;
			buildActionMask = 2147483647;
			files = (
				1F1297DA249237CF6910C770 /* Pods_MessengerTests.framework in Frameworks */,
			);
			runOnlyForDeploymentPostprocessing = 0;
		};
		C35F1E6F27294570003C1A93 /* Frameworks */ = {
			isa = PBXFrameworksBuildPhase;
			buildActionMask = 2147483647;
			files = (
				46DA310A75DFFE26BF2B09BF /* Pods_Messenger_MessengerUITests.framework in Frameworks */,
			);
			runOnlyForDeploymentPostprocessing = 0;
		};
/* End PBXFrameworksBuildPhase section */

/* Begin PBXGroup section */
		20392E84286A242118D0F66E /* Pods */ = {
			isa = PBXGroup;
			children = (
				D5EB2B8AEEF261AD0F86F804 /* Pods-Messenger.debug.xcconfig */,
				E922BAF0C239CD5282E269D2 /* Pods-Messenger.release.xcconfig */,
				C632600203D3C6F9D835DA95 /* Pods-Messenger-MessengerUITests.debug.xcconfig */,
				237E837D975980A82D9BE745 /* Pods-Messenger-MessengerUITests.release.xcconfig */,
				ACB8703B0404857BCF02ADE4 /* Pods-MessengerTests.debug.xcconfig */,
				107E47A27BF792D8B63336EB /* Pods-MessengerTests.release.xcconfig */,
			);
			path = Pods;
			sourceTree = "<group>";
		};
		2B00993A1A239D9F4910F64A /* Frameworks */ = {
			isa = PBXGroup;
			children = (
				865228EA862AB863A855C602 /* Pods_Messenger.framework */,
				6C26EE78280AAAB56E9ABEC9 /* Pods_Messenger_MessengerUITests.framework */,
				C990C6DB1F5A0803E0D655D6 /* Pods_MessengerTests.framework */,
			);
			name = Frameworks;
			sourceTree = "<group>";
		};
		C35F1E492729456F003C1A93 = {
			isa = PBXGroup;
			children = (
				C35F1E542729456F003C1A93 /* Messenger */,
				C35F1E6B27294570003C1A93 /* MessengerTests */,
				C35F1E7527294570003C1A93 /* MessengerUITests */,
				C35F1E532729456F003C1A93 /* Products */,
				20392E84286A242118D0F66E /* Pods */,
				2B00993A1A239D9F4910F64A /* Frameworks */,
			);
			sourceTree = "<group>";
		};
		C35F1E532729456F003C1A93 /* Products */ = {
			isa = PBXGroup;
			children = (
				C35F1E522729456F003C1A93 /* Messenger.app */,
				C35F1E6827294570003C1A93 /* MessengerTests.xctest */,
				C35F1E7227294570003C1A93 /* MessengerUITests.xctest */,
			);
			name = Products;
			sourceTree = "<group>";
		};
		C35F1E542729456F003C1A93 /* Messenger */ = {
			isa = PBXGroup;
			children = (
				C3EB8639273158FD00A8B930 /* GoogleService-Info.plist */,
				C35F1E8527296823003C1A93 /* Resources */,
				C35F1E8827296915003C1A93 /* Models */,
				C35F1E8927296925003C1A93 /* Views */,
				C35F1E8B27296AA7003C1A93 /* Controllers */,
				C35F1E6327294570003C1A93 /* Info.plist */,
				C3E599752730B3E000EC9E69 /* DatabaseManager.swift */,
			);
			path = Messenger;
			sourceTree = "<group>";
		};
		C35F1E6B27294570003C1A93 /* MessengerTests */ = {
			isa = PBXGroup;
			children = (
				C35F1E6C27294570003C1A93 /* MessengerTests.swift */,
			);
			path = MessengerTests;
			sourceTree = "<group>";
		};
		C35F1E7527294570003C1A93 /* MessengerUITests */ = {
			isa = PBXGroup;
			children = (
				C35F1E7627294570003C1A93 /* MessengerUITests.swift */,
				C35F1E7827294570003C1A93 /* MessengerUITestsLaunchTests.swift */,
			);
			path = MessengerUITests;
			sourceTree = "<group>";
		};
		C35F1E8527296823003C1A93 /* Resources */ = {
			isa = PBXGroup;
			children = (
				C35F1E8627296870003C1A93 /* Extentions.swift */,
				C35F1E572729456F003C1A93 /* SceneDelegate.swift */,
				C35F1E552729456F003C1A93 /* AppDelegate.swift */,
			);
			path = Resources;
			sourceTree = "<group>";
		};
		C35F1E8827296915003C1A93 /* Models */ = {
			isa = PBXGroup;
			children = (
			);
			path = Models;
			sourceTree = "<group>";
		};
		C35F1E8927296925003C1A93 /* Views */ = {
			isa = PBXGroup;
			children = (
				C35F1E8A27296A5C003C1A93 /* Storyboards */,
				C35F1E5E27294570003C1A93 /* Assets.xcassets */,
			);
			path = Views;
			sourceTree = "<group>";
		};
		C35F1E8A27296A5C003C1A93 /* Storyboards */ = {
			isa = PBXGroup;
			children = (
				C35F1E6027294570003C1A93 /* LaunchScreen.storyboard */,
				C35F1E5B2729456F003C1A93 /* Main.storyboard */,
			);
			path = Storyboards;
			sourceTree = "<group>";
		};
		C35F1E8B27296AA7003C1A93 /* Controllers */ = {
			isa = PBXGroup;
			children = (
				C35F1E9027297BBB003C1A93 /* LogReg */,
				C35F1E8C27297B65003C1A93 /* ConversationsViewController.swift */,
				C35F1E9127297C27003C1A93 /* NewConversationViewController.swift */,
				C35F1E9327297C4E003C1A93 /* ProfileViewController.swift */,
				C35626FC2735EC79009E5AA0 /* ChatViewController.swift */,
			);
			path = Controllers;
			sourceTree = "<group>";
		};
		C35F1E9027297BBB003C1A93 /* LogReg */ = {
			isa = PBXGroup;
			children = (
				C35F1E8E27297BA0003C1A93 /* RegisterViewController.swift */,
				C35F1E972729E691003C1A93 /* LoginViewController.swift */,
			);
			path = LogReg;
			sourceTree = "<group>";
		};
/* End PBXGroup section */

/* Begin PBXNativeTarget section */
		C35F1E512729456F003C1A93 /* Messenger */ = {
			isa = PBXNativeTarget;
			buildConfigurationList = C35F1E7C27294570003C1A93 /* Build configuration list for PBXNativeTarget "Messenger" */;
			buildPhases = (
				FFDCE1B518B517947331230C /* [CP] Check Pods Manifest.lock */,
				C35F1E4E2729456F003C1A93 /* Sources */,
				C35F1E4F2729456F003C1A93 /* Frameworks */,
				C35F1E502729456F003C1A93 /* Resources */,
				8A9C29CD776CFE7FE743C327 /* [CP] Embed Pods Frameworks */,
			);
			buildRules = (
			);
			dependencies = (
			);
			name = Messenger;
			packageProductDependencies = (
				C3BC6E40273413D600D2088E /* JGProgressHUD */,
				C35626FF273609FA009E5AA0 /* MessageKit */,
				C356270227360B9E009E5AA0 /* InputBarAccessoryView */,
			);
			productName = Messenger;
			productReference = C35F1E522729456F003C1A93 /* Messenger.app */;
			productType = "com.apple.product-type.application";
		};
		C35F1E6727294570003C1A93 /* MessengerTests */ = {
			isa = PBXNativeTarget;
			buildConfigurationList = C35F1E7F27294570003C1A93 /* Build configuration list for PBXNativeTarget "MessengerTests" */;
			buildPhases = (
				B501B7283081C65B92014D70 /* [CP] Check Pods Manifest.lock */,
				C35F1E6427294570003C1A93 /* Sources */,
				C35F1E6527294570003C1A93 /* Frameworks */,
				C35F1E6627294570003C1A93 /* Resources */,
			);
			buildRules = (
			);
			dependencies = (
				C35F1E6A27294570003C1A93 /* PBXTargetDependency */,
			);
			name = MessengerTests;
			productName = MessengerTests;
			productReference = C35F1E6827294570003C1A93 /* MessengerTests.xctest */;
			productType = "com.apple.product-type.bundle.unit-test";
		};
		C35F1E7127294570003C1A93 /* MessengerUITests */ = {
			isa = PBXNativeTarget;
			buildConfigurationList = C35F1E8227294570003C1A93 /* Build configuration list for PBXNativeTarget "MessengerUITests" */;
			buildPhases = (
				741AAE4FDC9B2DBE89EAEE2D /* [CP] Check Pods Manifest.lock */,
				C35F1E6E27294570003C1A93 /* Sources */,
				C35F1E6F27294570003C1A93 /* Frameworks */,
				C35F1E7027294570003C1A93 /* Resources */,
				DE01E6DC619AAD734CD4EC7E /* [CP] Embed Pods Frameworks */,
			);
			buildRules = (
			);
			dependencies = (
				C35F1E7427294570003C1A93 /* PBXTargetDependency */,
			);
			name = MessengerUITests;
			productName = MessengerUITests;
			productReference = C35F1E7227294570003C1A93 /* MessengerUITests.xctest */;
			productType = "com.apple.product-type.bundle.ui-testing";
		};
/* End PBXNativeTarget section */

/* Begin PBXProject section */
		C35F1E4A2729456F003C1A93 /* Project object */ = {
			isa = PBXProject;
			attributes = {
				BuildIndependentTargetsInParallel = 1;
				LastSwiftUpdateCheck = 1310;
				LastUpgradeCheck = 1310;
				TargetAttributes = {
					C35F1E512729456F003C1A93 = {
						CreatedOnToolsVersion = 13.1;
					};
					C35F1E6727294570003C1A93 = {
						CreatedOnToolsVersion = 13.1;
						TestTargetID = C35F1E512729456F003C1A93;
					};
					C35F1E7127294570003C1A93 = {
						CreatedOnToolsVersion = 13.1;
						TestTargetID = C35F1E512729456F003C1A93;
					};
				};
			};
			buildConfigurationList = C35F1E4D2729456F003C1A93 /* Build configuration list for PBXProject "Messenger" */;
			compatibilityVersion = "Xcode 13.0";
			developmentRegion = en;
			hasScannedForEncodings = 0;
			knownRegions = (
				en,
				Base,
			);
			mainGroup = C35F1E492729456F003C1A93;
			packageReferences = (
				C3BC6E3F273413D600D2088E /* XCRemoteSwiftPackageReference "JGProgressHUD" */,
				C3BC6E42273416A200D2088E /* XCRemoteSwiftPackageReference "SDWebImage" */,
				C35626FE273609FA009E5AA0 /* XCRemoteSwiftPackageReference "MessageKit" */,
				C356270127360B9E009E5AA0 /* XCRemoteSwiftPackageReference "InputBarAccessoryView" */,
			);
			productRefGroup = C35F1E532729456F003C1A93 /* Products */;
			projectDirPath = "";
			projectRoot = "";
			targets = (
				C35F1E512729456F003C1A93 /* Messenger */,
				C35F1E6727294570003C1A93 /* MessengerTests */,
				C35F1E7127294570003C1A93 /* MessengerUITests */,
			);
		};
/* End PBXProject section */

/* Begin PBXResourcesBuildPhase section */
		C35F1E502729456F003C1A93 /* Resources */ = {
			isa = PBXResourcesBuildPhase;
			buildActionMask = 2147483647;
			files = (
				C35F1E6227294570003C1A93 /* LaunchScreen.storyboard in Resources */,
				C3EB863A273158FD00A8B930 /* GoogleService-Info.plist in Resources */,
				C35F1E5F27294570003C1A93 /* Assets.xcassets in Resources */,
				C35F1E5D2729456F003C1A93 /* Main.storyboard in Resources */,
			);
			runOnlyForDeploymentPostprocessing = 0;
		};
		C35F1E6627294570003C1A93 /* Resources */ = {
			isa = PBXResourcesBuildPhase;
			buildActionMask = 2147483647;
			files = (
			);
			runOnlyForDeploymentPostprocessing = 0;
		};
		C35F1E7027294570003C1A93 /* Resources */ = {
			isa = PBXResourcesBuildPhase;
			buildActionMask = 2147483647;
			files = (
			);
			runOnlyForDeploymentPostprocessing = 0;
		};
/* End PBXResourcesBuildPhase section */

/* Begin PBXShellScriptBuildPhase section */
		741AAE4FDC9B2DBE89EAEE2D /* [CP] Check Pods Manifest.lock */ = {
			isa = PBXShellScriptBuildPhase;
			buildActionMask = 2147483647;
			files = (
			);
			inputFileListPaths = (
			);
			inputPaths = (
				"${PODS_PODFILE_DIR_PATH}/Podfile.lock",
				"${PODS_ROOT}/Manifest.lock",
			);
			name = "[CP] Check Pods Manifest.lock";
			outputFileListPaths = (
			);
			outputPaths = (
				"$(DERIVED_FILE_DIR)/Pods-Messenger-MessengerUITests-checkManifestLockResult.txt",
			);
			runOnlyForDeploymentPostprocessing = 0;
			shellPath = /bin/sh;
			shellScript = "diff \"${PODS_PODFILE_DIR_PATH}/Podfile.lock\" \"${PODS_ROOT}/Manifest.lock\" > /dev/null\nif [ $? != 0 ] ; then\n    # print error to STDERR\n    echo \"error: The sandbox is not in sync with the Podfile.lock. Run 'pod install' or update your CocoaPods installation.\" >&2\n    exit 1\nfi\n# This output is used by Xcode 'outputs' to avoid re-running this script phase.\necho \"SUCCESS\" > \"${SCRIPT_OUTPUT_FILE_0}\"\n";
			showEnvVarsInLog = 0;
		};
		8A9C29CD776CFE7FE743C327 /* [CP] Embed Pods Frameworks */ = {
			isa = PBXShellScriptBuildPhase;
			buildActionMask = 2147483647;
			files = (
			);
			inputFileListPaths = (
				"${PODS_ROOT}/Target Support Files/Pods-Messenger/Pods-Messenger-frameworks-${CONFIGURATION}-input-files.xcfilelist",
			);
			name = "[CP] Embed Pods Frameworks";
			outputFileListPaths = (
				"${PODS_ROOT}/Target Support Files/Pods-Messenger/Pods-Messenger-frameworks-${CONFIGURATION}-output-files.xcfilelist",
			);
			runOnlyForDeploymentPostprocessing = 0;
			shellPath = /bin/sh;
			shellScript = "\"${PODS_ROOT}/Target Support Files/Pods-Messenger/Pods-Messenger-frameworks.sh\"\n";
			showEnvVarsInLog = 0;
		};
		B501B7283081C65B92014D70 /* [CP] Check Pods Manifest.lock */ = {
			isa = PBXShellScriptBuildPhase;
			buildActionMask = 2147483647;
			files = (
			);
			inputFileListPaths = (
			);
			inputPaths = (
				"${PODS_PODFILE_DIR_PATH}/Podfile.lock",
				"${PODS_ROOT}/Manifest.lock",
			);
			name = "[CP] Check Pods Manifest.lock";
			outputFileListPaths = (
			);
			outputPaths = (
				"$(DERIVED_FILE_DIR)/Pods-MessengerTests-checkManifestLockResult.txt",
			);
			runOnlyForDeploymentPostprocessing = 0;
			shellPath = /bin/sh;
			shellScript = "diff \"${PODS_PODFILE_DIR_PATH}/Podfile.lock\" \"${PODS_ROOT}/Manifest.lock\" > /dev/null\nif [ $? != 0 ] ; then\n    # print error to STDERR\n    echo \"error: The sandbox is not in sync with the Podfile.lock. Run 'pod install' or update your CocoaPods installation.\" >&2\n    exit 1\nfi\n# This output is used by Xcode 'outputs' to avoid re-running this script phase.\necho \"SUCCESS\" > \"${SCRIPT_OUTPUT_FILE_0}\"\n";
			showEnvVarsInLog = 0;
		};
		DE01E6DC619AAD734CD4EC7E /* [CP] Embed Pods Frameworks */ = {
			isa = PBXShellScriptBuildPhase;
			buildActionMask = 2147483647;
			files = (
			);
			inputFileListPaths = (
				"${PODS_ROOT}/Target Support Files/Pods-Messenger-MessengerUITests/Pods-Messenger-MessengerUITests-frameworks-${CONFIGURATION}-input-files.xcfilelist",
			);
			name = "[CP] Embed Pods Frameworks";
			outputFileListPaths = (
				"${PODS_ROOT}/Target Support Files/Pods-Messenger-MessengerUITests/Pods-Messenger-MessengerUITests-frameworks-${CONFIGURATION}-output-files.xcfilelist",
			);
			runOnlyForDeploymentPostprocessing = 0;
			shellPath = /bin/sh;
			shellScript = "\"${PODS_ROOT}/Target Support Files/Pods-Messenger-MessengerUITests/Pods-Messenger-MessengerUITests-frameworks.sh\"\n";
			showEnvVarsInLog = 0;
		};
		FFDCE1B518B517947331230C /* [CP] Check Pods Manifest.lock */ = {
			isa = PBXShellScriptBuildPhase;
			buildActionMask = 2147483647;
			files = (
			);
			inputFileListPaths = (
			);
			inputPaths = (
				"${PODS_PODFILE_DIR_PATH}/Podfile.lock",
				"${PODS_ROOT}/Manifest.lock",
			);
			name = "[CP] Check Pods Manifest.lock";
			outputFileListPaths = (
			);
			outputPaths = (
				"$(DERIVED_FILE_DIR)/Pods-Messenger-checkManifestLockResult.txt",
			);
			runOnlyForDeploymentPostprocessing = 0;
			shellPath = /bin/sh;
			shellScript = "diff \"${PODS_PODFILE_DIR_PATH}/Podfile.lock\" \"${PODS_ROOT}/Manifest.lock\" > /dev/null\nif [ $? != 0 ] ; then\n    # print error to STDERR\n    echo \"error: The sandbox is not in sync with the Podfile.lock. Run 'pod install' or update your CocoaPods installation.\" >&2\n    exit 1\nfi\n# This output is used by Xcode 'outputs' to avoid re-running this script phase.\necho \"SUCCESS\" > \"${SCRIPT_OUTPUT_FILE_0}\"\n";
			showEnvVarsInLog = 0;
		};
/* End PBXShellScriptBuildPhase section */

/* Begin PBXSourcesBuildPhase section */
		C35F1E4E2729456F003C1A93 /* Sources */ = {
			isa = PBXSourcesBuildPhase;
			buildActionMask = 2147483647;
			files = (
				C35F1E8727296870003C1A93 /* Extentions.swift in Sources */,
				C35F1E9227297C27003C1A93 /* NewConversationViewController.swift in Sources */,
				C35F1E8D27297B65003C1A93 /* ConversationsViewController.swift in Sources */,
				C35F1E962729D561003C1A93 /* RegisterViewController.swift in Sources */,
				C35F1E982729E691003C1A93 /* LoginViewController.swift in Sources */,
				C35F1E562729456F003C1A93 /* AppDelegate.swift in Sources */,
				C35F1E9427297C4E003C1A93 /* ProfileViewController.swift in Sources */,
				C35F1E582729456F003C1A93 /* SceneDelegate.swift in Sources */,
				C35626FD2735EC79009E5AA0 /* ChatViewController.swift in Sources */,
				C3E599762730B3E000EC9E69 /* DatabaseManager.swift in Sources */,
			);
			runOnlyForDeploymentPostprocessing = 0;
		};
		C35F1E6427294570003C1A93 /* Sources */ = {
			isa = PBXSourcesBuildPhase;
			buildActionMask = 2147483647;
			files = (
				C35F1E6D27294570003C1A93 /* MessengerTests.swift in Sources */,
			);
			runOnlyForDeploymentPostprocessing = 0;
		};
		C35F1E6E27294570003C1A93 /* Sources */ = {
			isa = PBXSourcesBuildPhase;
			buildActionMask = 2147483647;
			files = (
				C35F1E7927294570003C1A93 /* MessengerUITestsLaunchTests.swift in Sources */,
				C35F1E7727294570003C1A93 /* MessengerUITests.swift in Sources */,
			);
			runOnlyForDeploymentPostprocessing = 0;
		};
/* End PBXSourcesBuildPhase section */

/* Begin PBXTargetDependency section */
		C35F1E6A27294570003C1A93 /* PBXTargetDependency */ = {
			isa = PBXTargetDependency;
			target = C35F1E512729456F003C1A93 /* Messenger */;
			targetProxy = C35F1E6927294570003C1A93 /* PBXContainerItemProxy */;
		};
		C35F1E7427294570003C1A93 /* PBXTargetDependency */ = {
			isa = PBXTargetDependency;
			target = C35F1E512729456F003C1A93 /* Messenger */;
			targetProxy = C35F1E7327294570003C1A93 /* PBXContainerItemProxy */;
		};
/* End PBXTargetDependency section */

/* Begin PBXVariantGroup section */
		C35F1E5B2729456F003C1A93 /* Main.storyboard */ = {
			isa = PBXVariantGroup;
			children = (
				C35F1E5C2729456F003C1A93 /* Base */,
			);
			name = Main.storyboard;
			sourceTree = "<group>";
		};
		C35F1E6027294570003C1A93 /* LaunchScreen.storyboard */ = {
			isa = PBXVariantGroup;
			children = (
				C35F1E6127294570003C1A93 /* Base */,
			);
			name = LaunchScreen.storyboard;
			sourceTree = "<group>";
		};
/* End PBXVariantGroup section */

/* Begin XCBuildConfiguration section */
		C35F1E7A27294570003C1A93 /* Debug */ = {
			isa = XCBuildConfiguration;
			buildSettings = {
				ALWAYS_SEARCH_USER_PATHS = NO;
				CLANG_ANALYZER_NONNULL = YES;
				CLANG_ANALYZER_NUMBER_OBJECT_CONVERSION = YES_AGGRESSIVE;
				CLANG_CXX_LANGUAGE_STANDARD = "gnu++17";
				CLANG_CXX_LIBRARY = "libc++";
				CLANG_ENABLE_MODULES = YES;
				CLANG_ENABLE_OBJC_ARC = YES;
				CLANG_ENABLE_OBJC_WEAK = YES;
				CLANG_WARN_BLOCK_CAPTURE_AUTORELEASING = YES;
				CLANG_WARN_BOOL_CONVERSION = YES;
				CLANG_WARN_COMMA = YES;
				CLANG_WARN_CONSTANT_CONVERSION = YES;
				CLANG_WARN_DEPRECATED_OBJC_IMPLEMENTATIONS = YES;
				CLANG_WARN_DIRECT_OBJC_ISA_USAGE = YES_ERROR;
				CLANG_WARN_DOCUMENTATION_COMMENTS = YES;
				CLANG_WARN_EMPTY_BODY = YES;
				CLANG_WARN_ENUM_CONVERSION = YES;
				CLANG_WARN_INFINITE_RECURSION = YES;
				CLANG_WARN_INT_CONVERSION = YES;
				CLANG_WARN_NON_LITERAL_NULL_CONVERSION = YES;
				CLANG_WARN_OBJC_IMPLICIT_RETAIN_SELF = YES;
				CLANG_WARN_OBJC_LITERAL_CONVERSION = YES;
				CLANG_WARN_OBJC_ROOT_CLASS = YES_ERROR;
				CLANG_WARN_QUOTED_INCLUDE_IN_FRAMEWORK_HEADER = YES;
				CLANG_WARN_RANGE_LOOP_ANALYSIS = YES;
				CLANG_WARN_STRICT_PROTOTYPES = YES;
				CLANG_WARN_SUSPICIOUS_MOVE = YES;
				CLANG_WARN_UNGUARDED_AVAILABILITY = YES_AGGRESSIVE;
				CLANG_WARN_UNREACHABLE_CODE = YES;
				CLANG_WARN__DUPLICATE_METHOD_MATCH = YES;
				COPY_PHASE_STRIP = NO;
				DEBUG_INFORMATION_FORMAT = dwarf;
				ENABLE_STRICT_OBJC_MSGSEND = YES;
				ENABLE_TESTABILITY = YES;
				GCC_C_LANGUAGE_STANDARD = gnu11;
				GCC_DYNAMIC_NO_PIC = NO;
				GCC_NO_COMMON_BLOCKS = YES;
				GCC_OPTIMIZATION_LEVEL = 0;
				GCC_PREPROCESSOR_DEFINITIONS = (
					"DEBUG=1",
					"$(inherited)",
				);
				GCC_WARN_64_TO_32_BIT_CONVERSION = YES;
				GCC_WARN_ABOUT_RETURN_TYPE = YES_ERROR;
				GCC_WARN_UNDECLARED_SELECTOR = YES;
				GCC_WARN_UNINITIALIZED_AUTOS = YES_AGGRESSIVE;
				GCC_WARN_UNUSED_FUNCTION = YES;
				GCC_WARN_UNUSED_VARIABLE = YES;
				IPHONEOS_DEPLOYMENT_TARGET = 15.0;
				MTL_ENABLE_DEBUG_INFO = INCLUDE_SOURCE;
				MTL_FAST_MATH = YES;
				ONLY_ACTIVE_ARCH = YES;
				SDKROOT = iphoneos;
				SWIFT_ACTIVE_COMPILATION_CONDITIONS = DEBUG;
				SWIFT_OPTIMIZATION_LEVEL = "-Onone";
			};
			name = Debug;
		};
		C35F1E7B27294570003C1A93 /* Release */ = {
			isa = XCBuildConfiguration;
			buildSettings = {
				ALWAYS_SEARCH_USER_PATHS = NO;
				CLANG_ANALYZER_NONNULL = YES;
				CLANG_ANALYZER_NUMBER_OBJECT_CONVERSION = YES_AGGRESSIVE;
				CLANG_CXX_LANGUAGE_STANDARD = "gnu++17";
				CLANG_CXX_LIBRARY = "libc++";
				CLANG_ENABLE_MODULES = YES;
				CLANG_ENABLE_OBJC_ARC = YES;
				CLANG_ENABLE_OBJC_WEAK = YES;
				CLANG_WARN_BLOCK_CAPTURE_AUTORELEASING = YES;
				CLANG_WARN_BOOL_CONVERSION = YES;
				CLANG_WARN_COMMA = YES;
				CLANG_WARN_CONSTANT_CONVERSION = YES;
				CLANG_WARN_DEPRECATED_OBJC_IMPLEMENTATIONS = YES;
				CLANG_WARN_DIRECT_OBJC_ISA_USAGE = YES_ERROR;
				CLANG_WARN_DOCUMENTATION_COMMENTS = YES;
				CLANG_WARN_EMPTY_BODY = YES;
				CLANG_WARN_ENUM_CONVERSION = YES;
				CLANG_WARN_INFINITE_RECURSION = YES;
				CLANG_WARN_INT_CONVERSION = YES;
				CLANG_WARN_NON_LITERAL_NULL_CONVERSION = YES;
				CLANG_WARN_OBJC_IMPLICIT_RETAIN_SELF = YES;
				CLANG_WARN_OBJC_LITERAL_CONVERSION = YES;
				CLANG_WARN_OBJC_ROOT_CLASS = YES_ERROR;
				CLANG_WARN_QUOTED_INCLUDE_IN_FRAMEWORK_HEADER = YES;
				CLANG_WARN_RANGE_LOOP_ANALYSIS = YES;
				CLANG_WARN_STRICT_PROTOTYPES = YES;
				CLANG_WARN_SUSPICIOUS_MOVE = YES;
				CLANG_WARN_UNGUARDED_AVAILABILITY = YES_AGGRESSIVE;
				CLANG_WARN_UNREACHABLE_CODE = YES;
				CLANG_WARN__DUPLICATE_METHOD_MATCH = YES;
				COPY_PHASE_STRIP = NO;
				DEBUG_INFORMATION_FORMAT = "dwarf-with-dsym";
				ENABLE_NS_ASSERTIONS = NO;
				ENABLE_STRICT_OBJC_MSGSEND = YES;
				GCC_C_LANGUAGE_STANDARD = gnu11;
				GCC_NO_COMMON_BLOCKS = YES;
				GCC_WARN_64_TO_32_BIT_CONVERSION = YES;
				GCC_WARN_ABOUT_RETURN_TYPE = YES_ERROR;
				GCC_WARN_UNDECLARED_SELECTOR = YES;
				GCC_WARN_UNINITIALIZED_AUTOS = YES_AGGRESSIVE;
				GCC_WARN_UNUSED_FUNCTION = YES;
				GCC_WARN_UNUSED_VARIABLE = YES;
				IPHONEOS_DEPLOYMENT_TARGET = 15.0;
				MTL_ENABLE_DEBUG_INFO = NO;
				MTL_FAST_MATH = YES;
				SDKROOT = iphoneos;
				SWIFT_COMPILATION_MODE = wholemodule;
				SWIFT_OPTIMIZATION_LEVEL = "-O";
				VALIDATE_PRODUCT = YES;
			};
			name = Release;
		};
		C35F1E7D27294570003C1A93 /* Debug */ = {
			isa = XCBuildConfiguration;
			baseConfigurationReference = D5EB2B8AEEF261AD0F86F804 /* Pods-Messenger.debug.xcconfig */;
			buildSettings = {
				ASSETCATALOG_COMPILER_APPICON_NAME = AppIcon;
				ASSETCATALOG_COMPILER_GLOBAL_ACCENT_COLOR_NAME = AccentColor;
				CODE_SIGN_STYLE = Automatic;
				CURRENT_PROJECT_VERSION = 1;
				DEVELOPMENT_TEAM = 9574MC4NUQ;
				GENERATE_INFOPLIST_FILE = YES;
				INFOPLIST_FILE = Messenger/Info.plist;
				INFOPLIST_KEY_NSCameraUsageDescription = "Please allow access to take a profile picture";
				INFOPLIST_KEY_NSPhotoLibraryAddUsageDescription = "Please allow access to select a photo for your profile";
				INFOPLIST_KEY_UIApplicationSupportsIndirectInputEvents = YES;
				INFOPLIST_KEY_UILaunchStoryboardName = LaunchScreen;
				INFOPLIST_KEY_UIMainStoryboardFile = Main;
				INFOPLIST_KEY_UISupportedInterfaceOrientations_iPad = "UIInterfaceOrientationPortrait UIInterfaceOrientationPortraitUpsideDown UIInterfaceOrientationLandscapeLeft UIInterfaceOrientationLandscapeRight";
				INFOPLIST_KEY_UISupportedInterfaceOrientations_iPhone = "UIInterfaceOrientationPortrait UIInterfaceOrientationLandscapeLeft UIInterfaceOrientationLandscapeRight";
				LD_RUNPATH_SEARCH_PATHS = (
					"$(inherited)",
					"@executable_path/Frameworks",
				);
				MARKETING_VERSION = 1.0;
				PRODUCT_BUNDLE_IDENTIFIER = "-.sample";
				PRODUCT_NAME = "$(TARGET_NAME)";
				SWIFT_EMIT_LOC_STRINGS = YES;
				SWIFT_VERSION = 5.0;
				TARGETED_DEVICE_FAMILY = "1,2";
			};
			name = Debug;
		};
		C35F1E7E27294570003C1A93 /* Release */ = {
			isa = XCBuildConfiguration;
			baseConfigurationReference = E922BAF0C239CD5282E269D2 /* Pods-Messenger.release.xcconfig */;
			buildSettings = {
				ASSETCATALOG_COMPILER_APPICON_NAME = AppIcon;
				ASSETCATALOG_COMPILER_GLOBAL_ACCENT_COLOR_NAME = AccentColor;
				CODE_SIGN_STYLE = Automatic;
				CURRENT_PROJECT_VERSION = 1;
				DEVELOPMENT_TEAM = 9574MC4NUQ;
				GENERATE_INFOPLIST_FILE = YES;
				INFOPLIST_FILE = Messenger/Info.plist;
				INFOPLIST_KEY_NSCameraUsageDescription = "Please allow access to take a profile picture";
				INFOPLIST_KEY_NSPhotoLibraryAddUsageDescription = "Please allow access to select a photo for your profile";
				INFOPLIST_KEY_UIApplicationSupportsIndirectInputEvents = YES;
				INFOPLIST_KEY_UILaunchStoryboardName = LaunchScreen;
				INFOPLIST_KEY_UIMainStoryboardFile = Main;
				INFOPLIST_KEY_UISupportedInterfaceOrientations_iPad = "UIInterfaceOrientationPortrait UIInterfaceOrientationPortraitUpsideDown UIInterfaceOrientationLandscapeLeft UIInterfaceOrientationLandscapeRight";
				INFOPLIST_KEY_UISupportedInterfaceOrientations_iPhone = "UIInterfaceOrientationPortrait UIInterfaceOrientationLandscapeLeft UIInterfaceOrientationLandscapeRight";
				LD_RUNPATH_SEARCH_PATHS = (
					"$(inherited)",
					"@executable_path/Frameworks",
				);
				MARKETING_VERSION = 1.0;
				PRODUCT_BUNDLE_IDENTIFIER = "-.sample";
				PRODUCT_NAME = "$(TARGET_NAME)";
				SWIFT_EMIT_LOC_STRINGS = YES;
				SWIFT_VERSION = 5.0;
				TARGETED_DEVICE_FAMILY = "1,2";
			};
			name = Release;
		};
		C35F1E8027294570003C1A93 /* Debug */ = {
			isa = XCBuildConfiguration;
			baseConfigurationReference = ACB8703B0404857BCF02ADE4 /* Pods-MessengerTests.debug.xcconfig */;
			buildSettings = {
				ALWAYS_EMBED_SWIFT_STANDARD_LIBRARIES = YES;
				BUNDLE_LOADER = "$(TEST_HOST)";
				CODE_SIGN_STYLE = Automatic;
				CURRENT_PROJECT_VERSION = 1;
				DEVELOPMENT_TEAM = 9574MC4NUQ;
				GENERATE_INFOPLIST_FILE = YES;
				IPHONEOS_DEPLOYMENT_TARGET = 15.0;
				LD_RUNPATH_SEARCH_PATHS = (
					"$(inherited)",
					"@executable_path/Frameworks",
					"@loader_path/Frameworks",
				);
				MARKETING_VERSION = 1.0;
				PRODUCT_BUNDLE_IDENTIFIER = "-.MessengerTests";
				PRODUCT_NAME = "$(TARGET_NAME)";
				SWIFT_EMIT_LOC_STRINGS = NO;
				SWIFT_VERSION = 5.0;
				TARGETED_DEVICE_FAMILY = "1,2";
				TEST_HOST = "$(BUILT_PRODUCTS_DIR)/Messenger.app/Messenger";
			};
			name = Debug;
		};
		C35F1E8127294570003C1A93 /* Release */ = {
			isa = XCBuildConfiguration;
			baseConfigurationReference = 107E47A27BF792D8B63336EB /* Pods-MessengerTests.release.xcconfig */;
			buildSettings = {
				ALWAYS_EMBED_SWIFT_STANDARD_LIBRARIES = YES;
				BUNDLE_LOADER = "$(TEST_HOST)";
				CODE_SIGN_STYLE = Automatic;
				CURRENT_PROJECT_VERSION = 1;
				DEVELOPMENT_TEAM = 9574MC4NUQ;
				GENERATE_INFOPLIST_FILE = YES;
				IPHONEOS_DEPLOYMENT_TARGET = 15.0;
				LD_RUNPATH_SEARCH_PATHS = (
					"$(inherited)",
					"@executable_path/Frameworks",
					"@loader_path/Frameworks",
				);
				MARKETING_VERSION = 1.0;
				PRODUCT_BUNDLE_IDENTIFIER = "-.MessengerTests";
				PRODUCT_NAME = "$(TARGET_NAME)";
				SWIFT_EMIT_LOC_STRINGS = NO;
				SWIFT_VERSION = 5.0;
				TARGETED_DEVICE_FAMILY = "1,2";
				TEST_HOST = "$(BUILT_PRODUCTS_DIR)/Messenger.app/Messenger";
			};
			name = Release;
		};
		C35F1E8327294570003C1A93 /* Debug */ = {
			isa = XCBuildConfiguration;
			baseConfigurationReference = C632600203D3C6F9D835DA95 /* Pods-Messenger-MessengerUITests.debug.xcconfig */;
			buildSettings = {
				ALWAYS_EMBED_SWIFT_STANDARD_LIBRARIES = YES;
				CODE_SIGN_STYLE = Automatic;
				CURRENT_PROJECT_VERSION = 1;
				DEVELOPMENT_TEAM = 9574MC4NUQ;
				GENERATE_INFOPLIST_FILE = YES;
				LD_RUNPATH_SEARCH_PATHS = (
					"$(inherited)",
					"@executable_path/Frameworks",
					"@loader_path/Frameworks",
				);
				MARKETING_VERSION = 1.0;
				PRODUCT_BUNDLE_IDENTIFIER = "-.MessengerUITests";
				PRODUCT_NAME = "$(TARGET_NAME)";
				SWIFT_EMIT_LOC_STRINGS = NO;
				SWIFT_VERSION = 5.0;
				TARGETED_DEVICE_FAMILY = "1,2";
				TEST_TARGET_NAME = Messenger;
			};
			name = Debug;
		};
		C35F1E8427294570003C1A93 /* Release */ = {
			isa = XCBuildConfiguration;
			baseConfigurationReference = 237E837D975980A82D9BE745 /* Pods-Messenger-MessengerUITests.release.xcconfig */;
			buildSettings = {
				ALWAYS_EMBED_SWIFT_STANDARD_LIBRARIES = YES;
				CODE_SIGN_STYLE = Automatic;
				CURRENT_PROJECT_VERSION = 1;
				DEVELOPMENT_TEAM = 9574MC4NUQ;
				GENERATE_INFOPLIST_FILE = YES;
				LD_RUNPATH_SEARCH_PATHS = (
					"$(inherited)",
					"@executable_path/Frameworks",
					"@loader_path/Frameworks",
				);
				MARKETING_VERSION = 1.0;
				PRODUCT_BUNDLE_IDENTIFIER = "-.MessengerUITests";
				PRODUCT_NAME = "$(TARGET_NAME)";
				SWIFT_EMIT_LOC_STRINGS = NO;
				SWIFT_VERSION = 5.0;
				TARGETED_DEVICE_FAMILY = "1,2";
				TEST_TARGET_NAME = Messenger;
			};
			name = Release;
		};
/* End XCBuildConfiguration section */

/* Begin XCConfigurationList section */
		C35F1E4D2729456F003C1A93 /* Build configuration list for PBXProject "Messenger" */ = {
			isa = XCConfigurationList;
			buildConfigurations = (
				C35F1E7A27294570003C1A93 /* Debug */,
				C35F1E7B27294570003C1A93 /* Release */,
			);
			defaultConfigurationIsVisible = 0;
			defaultConfigurationName = Release;
		};
		C35F1E7C27294570003C1A93 /* Build configuration list for PBXNativeTarget "Messenger" */ = {
			isa = XCConfigurationList;
			buildConfigurations = (
				C35F1E7D27294570003C1A93 /* Debug */,
				C35F1E7E27294570003C1A93 /* Release */,
			);
			defaultConfigurationIsVisible = 0;
			defaultConfigurationName = Release;
		};
		C35F1E7F27294570003C1A93 /* Build configuration list for PBXNativeTarget "MessengerTests" */ = {
			isa = XCConfigurationList;
			buildConfigurations = (
				C35F1E8027294570003C1A93 /* Debug */,
				C35F1E8127294570003C1A93 /* Release */,
			);
			defaultConfigurationIsVisible = 0;
			defaultConfigurationName = Release;
		};
		C35F1E8227294570003C1A93 /* Build configuration list for PBXNativeTarget "MessengerUITests" */ = {
			isa = XCConfigurationList;
			buildConfigurations = (
				C35F1E8327294570003C1A93 /* Debug */,
				C35F1E8427294570003C1A93 /* Release */,
			);
			defaultConfigurationIsVisible = 0;
			defaultConfigurationName = Release;
		};
/* End XCConfigurationList section */

/* Begin XCRemoteSwiftPackageReference section */
		C35626FE273609FA009E5AA0 /* XCRemoteSwiftPackageReference "MessageKit" */ = {
			isa = XCRemoteSwiftPackageReference;
			repositoryURL = "https://github.com/MessageKit/MessageKit.git";
			requirement = {
				kind = upToNextMajorVersion;
				minimumVersion = 3.0.0;
			};
		};
		C356270127360B9E009E5AA0 /* XCRemoteSwiftPackageReference "InputBarAccessoryView" */ = {
			isa = XCRemoteSwiftPackageReference;
			repositoryURL = "https://github.com/nathantannar4/InputBarAccessoryView.git";
			requirement = {
				kind = upToNextMajorVersion;
				minimumVersion = 5.4.0;
			};
		};
		C3BC6E3F273413D600D2088E /* XCRemoteSwiftPackageReference "JGProgressHUD" */ = {
			isa = XCRemoteSwiftPackageReference;
			repositoryURL = "https://github.com/JonasGessner/JGProgressHUD.git";
			requirement = {
				kind = upToNextMajorVersion;
				minimumVersion = 2.0.0;
			};
		};
		C3BC6E42273416A200D2088E /* XCRemoteSwiftPackageReference "SDWebImage" */ = {
			isa = XCRemoteSwiftPackageReference;
			repositoryURL = "https://github.com/SDWebImage/SDWebImage.git";
			requirement = {
				kind = upToNextMajorVersion;
				minimumVersion = 5.0.0;
			};
		};
/* End XCRemoteSwiftPackageReference section */

/* Begin XCSwiftPackageProductDependency section */
		C35626FF273609FA009E5AA0 /* MessageKit */ = {
			isa = XCSwiftPackageProductDependency;
			package = C35626FE273609FA009E5AA0 /* XCRemoteSwiftPackageReference "MessageKit" */;
			productName = MessageKit;
		};
		C356270227360B9E009E5AA0 /* InputBarAccessoryView */ = {
			isa = XCSwiftPackageProductDependency;
			package = C356270127360B9E009E5AA0 /* XCRemoteSwiftPackageReference "InputBarAccessoryView" */;
			productName = InputBarAccessoryView;
		};
		C3BC6E40273413D600D2088E /* JGProgressHUD */ = {
			isa = XCSwiftPackageProductDependency;
			package = C3BC6E3F273413D600D2088E /* XCRemoteSwiftPackageReference "JGProgressHUD" */;
			productName = JGProgressHUD;
		};
/* End XCSwiftPackageProductDependency section */
	};
	rootObject = C35F1E4A2729456F003C1A93 /* Project object */;
}
